
Microsoft Visual Studio Solution File, Format Version 12.00
# Visual Studio 15
VisualStudioVersion = 15.0.28307.168
MinimumVisualStudioVersion = 10.0.40219.1
Project("{2150E333-8FDC-42A3-9474-1A3956D46DE8}") = "src", "src", "{B3F13A03-91E5-467C-8312-6DA752F940AE}"
EndProject
Project("{9A19103F-16F7-4668-BE54-9A1E7A4F7556}") = "AuctionBiddingProduct.WebApi", "AuctionBiddingProduct.WebApi\AuctionBiddingProduct.WebApi.csproj", "{E6EC6E85-187B-4320-9EC4-4ECB0D6473E7}"
EndProject
Project("{2150E333-8FDC-42A3-9474-1A3956D46DE8}") = "Solution Items", "Solution Items", "{FCE26CCD-0E05-468E-92D9-52C30EA5564B}"
	ProjectSection(SolutionItems) = preProject
		.gitignore = .gitignore
	EndProjectSection
EndProject
Project("{2150E333-8FDC-42A3-9474-1A3956D46DE8}") = "tests", "tests", "{C874C548-E72A-4ACF-A2F5-6A04F35DF59D}"
EndProject
Project("{FAE04EC0-301F-11D3-BF4B-00C04F79EFBC}") = "Auction.UnitTests", "Auction.UnitTests\Auction.UnitTests.csproj", "{D50D4624-76F6-4E02-A9F1-5658494CDEB1}"
EndProject
Global
	GlobalSection(SolutionConfigurationPlatforms) = preSolution
		Debug|Any CPU = Debug|Any CPU
		Release|Any CPU = Release|Any CPU
	EndGlobalSection
	GlobalSection(ProjectConfigurationPlatforms) = postSolution
		{E6EC6E85-187B-4320-9EC4-4ECB0D6473E7}.Debug|Any CPU.ActiveCfg = Debug|Any CPU
		{E6EC6E85-187B-4320-9EC4-4ECB0D6473E7}.Debug|Any CPU.Build.0 = Debug|Any CPU
		{E6EC6E85-187B-4320-9EC4-4ECB0D6473E7}.Release|Any CPU.ActiveCfg = Release|Any CPU
		{E6EC6E85-187B-4320-9EC4-4ECB0D6473E7}.Release|Any CPU.Build.0 = Release|Any CPU
		{D50D4624-76F6-4E02-A9F1-5658494CDEB1}.Debug|Any CPU.ActiveCfg = Debug|Any CPU
		{D50D4624-76F6-4E02-A9F1-5658494CDEB1}.Debug|Any CPU.Build.0 = Debug|Any CPU
		{D50D4624-76F6-4E02-A9F1-5658494CDEB1}.Release|Any CPU.ActiveCfg = Release|Any CPU
		{D50D4624-76F6-4E02-A9F1-5658494CDEB1}.Release|Any CPU.Build.0 = Release|Any CPU
	EndGlobalSection
	GlobalSection(SolutionProperties) = preSolution
		HideSolutionNode = FALSE
	EndGlobalSection
	GlobalSection(NestedProjects) = preSolution
		{E6EC6E85-187B-4320-9EC4-4ECB0D6473E7} = {B3F13A03-91E5-467C-8312-6DA752F940AE}
		{D50D4624-76F6-4E02-A9F1-5658494CDEB1} = {C874C548-E72A-4ACF-A2F5-6A04F35DF59D}
	EndGlobalSection
	GlobalSection(ExtensibilityGlobals) = postSolution
		SolutionGuid = {9A71717F-E9D1-428A-8D52-148E85D11DC1}
	EndGlobalSection
EndGlobal
